
Microsoft Visual Studio Solution File, Format Version 12.00
# Visual Studio Version 17
VisualStudioVersion = 17.14.36212.18 d17.14
MinimumVisualStudioVersion = 10.0.40219.1
Project("{FAE04EC0-301F-11D3-BF4B-00C04F79EFBC}") = "Wordle", "Wordle\Wordle.csproj", "{93C35766-7B4F-4AB7-9ACD-3B1991AF715F}"
EndProject
Global
	GlobalSection(SolutionConfigurationPlatforms) = preSolution
		Debug|Any CPU = Debug|Any CPU
		Release|Any CPU = Release|Any CPU
	EndGlobalSection
	GlobalSection(ProjectConfigurationPlatforms) = postSolution
		{93C35766-7B4F-4AB7-9ACD-3B1991AF715F}.Debug|Any CPU.ActiveCfg = Debug|Any CPU
		{93C35766-7B4F-4AB7-9ACD-3B1991AF715F}.Debug|Any CPU.Build.0 = Debug|Any CPU
		{93C35766-7B4F-4AB7-9ACD-3B1991AF715F}.Release|Any CPU.ActiveCfg = Release|Any CPU
		{93C35766-7B4F-4AB7-9ACD-3B1991AF715F}.Release|Any CPU.Build.0 = Release|Any CPU
	EndGlobalSection
	GlobalSection(SolutionProperties) = preSolution
		HideSolutionNode = FALSE
	EndGlobalSection
	GlobalSection(ExtensibilityGlobals) = postSolution
		SolutionGuid = {2BC07F6F-E2AC-4234-91F3-CAAFE53726B0}
	EndGlobalSection
EndGlobal
